
Microsoft Visual Studio Solution File, Format Version 12.00
# Visual Studio Version 17
VisualStudioVersion = 17.5.33414.496
MinimumVisualStudioVersion = 10.0.40219.1
Project("{2150E333-8FDC-42A3-9474-1A3956D46DE8}") = "Platforms", "Platforms", "{09BA141D-D147-4049-B5AD-A464AAE8CA7E}"
EndProject
Project("{FAE04EC0-301F-11D3-BF4B-00C04F79EFBC}") = "PongCoasterUI", "PongCoasterUI\PongCoasterUI\PongCoasterUI.csproj", "{1616684A-FF8D-4A8D-A091-3642CE1D13FD}"
EndProject
Project("{FAE04EC0-301F-11D3-BF4B-00C04F79EFBC}") = "PongCoasterUI.Wasm", "PongCoasterUI\PongCoasterUI.Wasm\PongCoasterUI.Wasm.csproj", "{AFEDDC15-1B57-475D-B453-D298895E039C}"
EndProject
Project("{FAE04EC0-301F-11D3-BF4B-00C04F79EFBC}") = "PongCoasterUI.Mobile", "PongCoasterUI\PongCoasterUI.Mobile\PongCoasterUI.Mobile.csproj", "{E99C9973-8898-4657-8AFC-53FF783781DF}"
EndProject
Project("{FAE04EC0-301F-11D3-BF4B-00C04F79EFBC}") = "PongCoasterUI.Skia.Gtk", "PongCoasterUI\PongCoasterUI.Skia.Gtk\PongCoasterUI.Skia.Gtk.csproj", "{B3861E4D-4BD2-48BA-AF2F-9B1FB776A64C}"
EndProject
Project("{FAE04EC0-301F-11D3-BF4B-00C04F79EFBC}") = "PongCoasterUI.Windows", "PongCoasterUI\PongCoasterUI.Windows\PongCoasterUI.Windows.csproj", "{178FAA98-0CC4-49A7-B9A0-BC46DB76A4DA}"
EndProject
Project("{FAE04EC0-301F-11D3-BF4B-00C04F79EFBC}") = "PongCoasterUI.Skia.Wpf", "PongCoasterUI\PongCoasterUI.Skia.Wpf\PongCoasterUI.Skia.Wpf.csproj", "{C702696D-5A8C-44F2-8F9C-D857D635F3D1}"
EndProject
Global
	GlobalSection(SolutionConfigurationPlatforms) = preSolution
		Debug|Any CPU = Debug|Any CPU
		Debug|arm64 = Debug|arm64
		Debug|x64 = Debug|x64
		Debug|x86 = Debug|x86
		Release|Any CPU = Release|Any CPU
		Release|arm64 = Release|arm64
		Release|x64 = Release|x64
		Release|x86 = Release|x86
	EndGlobalSection
	GlobalSection(ProjectConfigurationPlatforms) = postSolution
		{1616684A-FF8D-4A8D-A091-3642CE1D13FD}.Debug|Any CPU.ActiveCfg = Debug|Any CPU
		{1616684A-FF8D-4A8D-A091-3642CE1D13FD}.Debug|Any CPU.Build.0 = Debug|Any CPU
		{1616684A-FF8D-4A8D-A091-3642CE1D13FD}.Debug|arm64.ActiveCfg = Debug|Any CPU
		{1616684A-FF8D-4A8D-A091-3642CE1D13FD}.Debug|arm64.Build.0 = Debug|Any CPU
		{1616684A-FF8D-4A8D-A091-3642CE1D13FD}.Debug|x64.ActiveCfg = Debug|Any CPU
		{1616684A-FF8D-4A8D-A091-3642CE1D13FD}.Debug|x64.Build.0 = Debug|Any CPU
		{1616684A-FF8D-4A8D-A091-3642CE1D13FD}.Debug|x86.ActiveCfg = Debug|Any CPU
		{1616684A-FF8D-4A8D-A091-3642CE1D13FD}.Debug|x86.Build.0 = Debug|Any CPU
		{1616684A-FF8D-4A8D-A091-3642CE1D13FD}.Release|Any CPU.ActiveCfg = Release|Any CPU
		{1616684A-FF8D-4A8D-A091-3642CE1D13FD}.Release|Any CPU.Build.0 = Release|Any CPU
		{1616684A-FF8D-4A8D-A091-3642CE1D13FD}.Release|arm64.ActiveCfg = Release|Any CPU
		{1616684A-FF8D-4A8D-A091-3642CE1D13FD}.Release|arm64.Build.0 = Release|Any CPU
		{1616684A-FF8D-4A8D-A091-3642CE1D13FD}.Release|x64.ActiveCfg = Release|Any CPU
		{1616684A-FF8D-4A8D-A091-3642CE1D13FD}.Release|x64.Build.0 = Release|Any CPU
		{1616684A-FF8D-4A8D-A091-3642CE1D13FD}.Release|x86.ActiveCfg = Release|Any CPU
		{1616684A-FF8D-4A8D-A091-3642CE1D13FD}.Release|x86.Build.0 = Release|Any CPU
		{AFEDDC15-1B57-475D-B453-D298895E039C}.Debug|Any CPU.ActiveCfg = Debug|Any CPU
		{AFEDDC15-1B57-475D-B453-D298895E039C}.Debug|Any CPU.Build.0 = Debug|Any CPU
		{AFEDDC15-1B57-475D-B453-D298895E039C}.Debug|arm64.ActiveCfg = Debug|Any CPU
		{AFEDDC15-1B57-475D-B453-D298895E039C}.Debug|arm64.Build.0 = Debug|Any CPU
		{AFEDDC15-1B57-475D-B453-D298895E039C}.Debug|x64.ActiveCfg = Debug|Any CPU
		{AFEDDC15-1B57-475D-B453-D298895E039C}.Debug|x64.Build.0 = Debug|Any CPU
		{AFEDDC15-1B57-475D-B453-D298895E039C}.Debug|x86.ActiveCfg = Debug|Any CPU
		{AFEDDC15-1B57-475D-B453-D298895E039C}.Debug|x86.Build.0 = Debug|Any CPU
		{AFEDDC15-1B57-475D-B453-D298895E039C}.Release|Any CPU.ActiveCfg = Release|Any CPU
		{AFEDDC15-1B57-475D-B453-D298895E039C}.Release|Any CPU.Build.0 = Release|Any CPU
		{AFEDDC15-1B57-475D-B453-D298895E039C}.Release|arm64.ActiveCfg = Release|Any CPU
		{AFEDDC15-1B57-475D-B453-D298895E039C}.Release|arm64.Build.0 = Release|Any CPU
		{AFEDDC15-1B57-475D-B453-D298895E039C}.Release|x64.ActiveCfg = Release|Any CPU
		{AFEDDC15-1B57-475D-B453-D298895E039C}.Release|x64.Build.0 = Release|Any CPU
		{AFEDDC15-1B57-475D-B453-D298895E039C}.Release|x86.ActiveCfg = Release|Any CPU
		{AFEDDC15-1B57-475D-B453-D298895E039C}.Release|x86.Build.0 = Release|Any CPU
		{E99C9973-8898-4657-8AFC-53FF783781DF}.Debug|Any CPU.ActiveCfg = Debug|Any CPU
		{E99C9973-8898-4657-8AFC-53FF783781DF}.Debug|Any CPU.Build.0 = Debug|Any CPU
		{E99C9973-8898-4657-8AFC-53FF783781DF}.Debug|Any CPU.Deploy.0 = Debug|Any CPU
		{E99C9973-8898-4657-8AFC-53FF783781DF}.Debug|arm64.ActiveCfg = Debug|Any CPU
		{E99C9973-8898-4657-8AFC-53FF783781DF}.Debug|arm64.Build.0 = Debug|Any CPU
		{E99C9973-8898-4657-8AFC-53FF783781DF}.Debug|arm64.Deploy.0 = Debug|Any CPU
		{E99C9973-8898-4657-8AFC-53FF783781DF}.Debug|x64.ActiveCfg = Debug|Any CPU
		{E99C9973-8898-4657-8AFC-53FF783781DF}.Debug|x64.Build.0 = Debug|Any CPU
		{E99C9973-8898-4657-8AFC-53FF783781DF}.Debug|x64.Deploy.0 = Debug|Any CPU
		{E99C9973-8898-4657-8AFC-53FF783781DF}.Debug|x86.ActiveCfg = Debug|Any CPU
		{E99C9973-8898-4657-8AFC-53FF783781DF}.Debug|x86.Build.0 = Debug|Any CPU
		{E99C9973-8898-4657-8AFC-53FF783781DF}.Debug|x86.Deploy.0 = Debug|Any CPU
		{E99C9973-8898-4657-8AFC-53FF783781DF}.Release|Any CPU.ActiveCfg = Release|Any CPU
		{E99C9973-8898-4657-8AFC-53FF783781DF}.Release|Any CPU.Build.0 = Release|Any CPU
		{E99C9973-8898-4657-8AFC-53FF783781DF}.Release|Any CPU.Deploy.0 = Release|Any CPU
		{E99C9973-8898-4657-8AFC-53FF783781DF}.Release|arm64.ActiveCfg = Release|Any CPU
		{E99C9973-8898-4657-8AFC-53FF783781DF}.Release|arm64.Build.0 = Release|Any CPU
		{E99C9973-8898-4657-8AFC-53FF783781DF}.Release|arm64.Deploy.0 = Release|Any CPU
		{E99C9973-8898-4657-8AFC-53FF783781DF}.Release|x64.ActiveCfg = Release|Any CPU
		{E99C9973-8898-4657-8AFC-53FF783781DF}.Release|x64.Build.0 = Release|Any CPU
		{E99C9973-8898-4657-8AFC-53FF783781DF}.Release|x64.Deploy.0 = Release|Any CPU
		{E99C9973-8898-4657-8AFC-53FF783781DF}.Release|x86.ActiveCfg = Release|Any CPU
		{E99C9973-8898-4657-8AFC-53FF783781DF}.Release|x86.Build.0 = Release|Any CPU
		{E99C9973-8898-4657-8AFC-53FF783781DF}.Release|x86.Deploy.0 = Release|Any CPU
		{B3861E4D-4BD2-48BA-AF2F-9B1FB776A64C}.Debug|Any CPU.ActiveCfg = Debug|Any CPU
		{B3861E4D-4BD2-48BA-AF2F-9B1FB776A64C}.Debug|Any CPU.Build.0 = Debug|Any CPU
		{B3861E4D-4BD2-48BA-AF2F-9B1FB776A64C}.Debug|arm64.ActiveCfg = Debug|Any CPU
		{B3861E4D-4BD2-48BA-AF2F-9B1FB776A64C}.Debug|arm64.Build.0 = Debug|Any CPU
		{B3861E4D-4BD2-48BA-AF2F-9B1FB776A64C}.Debug|x64.ActiveCfg = Debug|Any CPU
		{B3861E4D-4BD2-48BA-AF2F-9B1FB776A64C}.Debug|x64.Build.0 = Debug|Any CPU
		{B3861E4D-4BD2-48BA-AF2F-9B1FB776A64C}.Debug|x86.ActiveCfg = Debug|Any CPU
		{B3861E4D-4BD2-48BA-AF2F-9B1FB776A64C}.Debug|x86.Build.0 = Debug|Any CPU
		{B3861E4D-4BD2-48BA-AF2F-9B1FB776A64C}.Release|Any CPU.ActiveCfg = Release|Any CPU
		{B3861E4D-4BD2-48BA-AF2F-9B1FB776A64C}.Release|Any CPU.Build.0 = Release|Any CPU
		{B3861E4D-4BD2-48BA-AF2F-9B1FB776A64C}.Release|arm64.ActiveCfg = Release|Any CPU
		{B3861E4D-4BD2-48BA-AF2F-9B1FB776A64C}.Release|arm64.Build.0 = Release|Any CPU
		{B3861E4D-4BD2-48BA-AF2F-9B1FB776A64C}.Release|x64.ActiveCfg = Release|Any CPU
		{B3861E4D-4BD2-48BA-AF2F-9B1FB776A64C}.Release|x64.Build.0 = Release|Any CPU
		{B3861E4D-4BD2-48BA-AF2F-9B1FB776A64C}.Release|x86.ActiveCfg = Release|Any CPU
		{B3861E4D-4BD2-48BA-AF2F-9B1FB776A64C}.Release|x86.Build.0 = Release|Any CPU
		{178FAA98-0CC4-49A7-B9A0-BC46DB76A4DA}.Debug|Any CPU.ActiveCfg = Debug|x64
		{178FAA98-0CC4-49A7-B9A0-BC46DB76A4DA}.Debug|Any CPU.Build.0 = Debug|x64
		{178FAA98-0CC4-49A7-B9A0-BC46DB76A4DA}.Debug|Any CPU.Deploy.0 = Debug|x64
		{178FAA98-0CC4-49A7-B9A0-BC46DB76A4DA}.Debug|arm64.ActiveCfg = Debug|arm64
		{178FAA98-0CC4-49A7-B9A0-BC46DB76A4DA}.Debug|arm64.Build.0 = Debug|arm64
		{178FAA98-0CC4-49A7-B9A0-BC46DB76A4DA}.Debug|arm64.Deploy.0 = Debug|arm64
		{178FAA98-0CC4-49A7-B9A0-BC46DB76A4DA}.Debug|x64.ActiveCfg = Debug|x64
		{178FAA98-0CC4-49A7-B9A0-BC46DB76A4DA}.Debug|x64.Build.0 = Debug|x64
		{178FAA98-0CC4-49A7-B9A0-BC46DB76A4DA}.Debug|x64.Deploy.0 = Debug|x64
		{178FAA98-0CC4-49A7-B9A0-BC46DB76A4DA}.Debug|x86.ActiveCfg = Debug|x86
		{178FAA98-0CC4-49A7-B9A0-BC46DB76A4DA}.Debug|x86.Build.0 = Debug|x86
		{178FAA98-0CC4-49A7-B9A0-BC46DB76A4DA}.Debug|x86.Deploy.0 = Debug|x86
		{178FAA98-0CC4-49A7-B9A0-BC46DB76A4DA}.Release|Any CPU.ActiveCfg = Release|x64
		{178FAA98-0CC4-49A7-B9A0-BC46DB76A4DA}.Release|Any CPU.Build.0 = Release|x64
		{178FAA98-0CC4-49A7-B9A0-BC46DB76A4DA}.Release|Any CPU.Deploy.0 = Release|x64
		{178FAA98-0CC4-49A7-B9A0-BC46DB76A4DA}.Release|arm64.ActiveCfg = Release|arm64
		{178FAA98-0CC4-49A7-B9A0-BC46DB76A4DA}.Release|arm64.Build.0 = Release|arm64
		{178FAA98-0CC4-49A7-B9A0-BC46DB76A4DA}.Release|arm64.Deploy.0 = Release|arm64
		{178FAA98-0CC4-49A7-B9A0-BC46DB76A4DA}.Release|x64.ActiveCfg = Release|x64
		{178FAA98-0CC4-49A7-B9A0-BC46DB76A4DA}.Release|x64.Build.0 = Release|x64
		{178FAA98-0CC4-49A7-B9A0-BC46DB76A4DA}.Release|x64.Deploy.0 = Release|x64
		{178FAA98-0CC4-49A7-B9A0-BC46DB76A4DA}.Release|x86.ActiveCfg = Release|x86
		{178FAA98-0CC4-49A7-B9A0-BC46DB76A4DA}.Release|x86.Build.0 = Release|x86
		{178FAA98-0CC4-49A7-B9A0-BC46DB76A4DA}.Release|x86.Deploy.0 = Release|x86
		{C702696D-5A8C-44F2-8F9C-D857D635F3D1}.Debug|Any CPU.ActiveCfg = Debug|Any CPU
		{C702696D-5A8C-44F2-8F9C-D857D635F3D1}.Debug|Any CPU.Build.0 = Debug|Any CPU
		{C702696D-5A8C-44F2-8F9C-D857D635F3D1}.Debug|arm64.ActiveCfg = Debug|Any CPU
		{C702696D-5A8C-44F2-8F9C-D857D635F3D1}.Debug|arm64.Build.0 = Debug|Any CPU
		{C702696D-5A8C-44F2-8F9C-D857D635F3D1}.Debug|x64.ActiveCfg = Debug|Any CPU
		{C702696D-5A8C-44F2-8F9C-D857D635F3D1}.Debug|x64.Build.0 = Debug|Any CPU
		{C702696D-5A8C-44F2-8F9C-D857D635F3D1}.Debug|x86.ActiveCfg = Debug|Any CPU
		{C702696D-5A8C-44F2-8F9C-D857D635F3D1}.Debug|x86.Build.0 = Debug|Any CPU
		{C702696D-5A8C-44F2-8F9C-D857D635F3D1}.Release|Any CPU.ActiveCfg = Release|Any CPU
		{C702696D-5A8C-44F2-8F9C-D857D635F3D1}.Release|Any CPU.Build.0 = Release|Any CPU
		{C702696D-5A8C-44F2-8F9C-D857D635F3D1}.Release|arm64.ActiveCfg = Release|Any CPU
		{C702696D-5A8C-44F2-8F9C-D857D635F3D1}.Release|arm64.Build.0 = Release|Any CPU
		{C702696D-5A8C-44F2-8F9C-D857D635F3D1}.Release|x64.ActiveCfg = Release|Any CPU
		{C702696D-5A8C-44F2-8F9C-D857D635F3D1}.Release|x64.Build.0 = Release|Any CPU
		{C702696D-5A8C-44F2-8F9C-D857D635F3D1}.Release|x86.ActiveCfg = Release|Any CPU
		{C702696D-5A8C-44F2-8F9C-D857D635F3D1}.Release|x86.Build.0 = Release|Any CPU
	EndGlobalSection
	GlobalSection(SolutionProperties) = preSolution
		HideSolutionNode = FALSE
	EndGlobalSection
	GlobalSection(NestedProjects) = preSolution
		{AFEDDC15-1B57-475D-B453-D298895E039C} = {09BA141D-D147-4049-B5AD-A464AAE8CA7E}
		{E99C9973-8898-4657-8AFC-53FF783781DF} = {09BA141D-D147-4049-B5AD-A464AAE8CA7E}
		{B3861E4D-4BD2-48BA-AF2F-9B1FB776A64C} = {09BA141D-D147-4049-B5AD-A464AAE8CA7E}
		{178FAA98-0CC4-49A7-B9A0-BC46DB76A4DA} = {09BA141D-D147-4049-B5AD-A464AAE8CA7E}
		{C702696D-5A8C-44F2-8F9C-D857D635F3D1} = {09BA141D-D147-4049-B5AD-A464AAE8CA7E}
	EndGlobalSection
	GlobalSection(ExtensibilityGlobals) = postSolution
		SolutionGuid = {E9F0A804-EE3A-420E-A100-E43BEC5AE65C}
	EndGlobalSection
EndGlobal
